
Microsoft Visual Studio Solution File, Format Version 12.00
# Visual Studio Version 17
VisualStudioVersion = 17.14.36202.13 d17.14
MinimumVisualStudioVersion = 10.0.40219.1
Project("{FAE04EC0-301F-11D3-BF4B-00C04F79EFBC}") = "L4FutureTechBlazor", "L4FutureTechBlazor.csproj", "{AB2CB176-020A-4C88-85D9-F300549FDD63}"
EndProject
Global
	GlobalSection(SolutionConfigurationPlatforms) = preSolution
		Debug|Any CPU = Debug|Any CPU
		Release|Any CPU = Release|Any CPU
	EndGlobalSection
	GlobalSection(ProjectConfigurationPlatforms) = postSolution
		{AB2CB176-020A-4C88-85D9-F300549FDD63}.Debug|Any CPU.ActiveCfg = Debug|Any CPU
		{AB2CB176-020A-4C88-85D9-F300549FDD63}.Debug|Any CPU.Build.0 = Debug|Any CPU
		{AB2CB176-020A-4C88-85D9-F300549FDD63}.Release|Any CPU.ActiveCfg = Release|Any CPU
		{AB2CB176-020A-4C88-85D9-F300549FDD63}.Release|Any CPU.Build.0 = Release|Any CPU
	EndGlobalSection
	GlobalSection(SolutionProperties) = preSolution
		HideSolutionNode = FALSE
	EndGlobalSection
	GlobalSection(ExtensibilityGlobals) = postSolution
		SolutionGuid = {9C4F3000-D526-4DAC-9792-6EBD7E966878}
	EndGlobalSection
EndGlobal
